// !$*UTF8*$!
{
	archiveVersion = 1;
	classes = {
	};
	objectVersion = 50;
	objects = {

/* Begin PBXBuildFile section */
		BB07C27125C94731004497BA /* NetworkManager.swift in Sources */ = {isa = PBXBuildFile; fileRef = BB07C27025C94731004497BA /* NetworkManager.swift */; };
		BB07C27425C94768004497BA /* DataModel.swift in Sources */ = {isa = PBXBuildFile; fileRef = BB07C27325C94768004497BA /* DataModel.swift */; };
		BB5516D525C966BE004211E7 /* EventCell.swift in Sources */ = {isa = PBXBuildFile; fileRef = BB5516D425C966BE004211E7 /* EventCell.swift */; };
		BBAE40DD25C93E9400A3E0E4 /* AppDelegate.swift in Sources */ = {isa = PBXBuildFile; fileRef = BBAE40DC25C93E9400A3E0E4 /* AppDelegate.swift */; };
		BBAE40DF25C93E9400A3E0E4 /* SceneDelegate.swift in Sources */ = {isa = PBXBuildFile; fileRef = BBAE40DE25C93E9400A3E0E4 /* SceneDelegate.swift */; };
		BBAE40E125C93E9400A3E0E4 /* EventListViewController.swift in Sources */ = {isa = PBXBuildFile; fileRef = BBAE40E025C93E9400A3E0E4 /* EventListViewController.swift */; };
		BBAE40E425C93E9400A3E0E4 /* Main.storyboard in Resources */ = {isa = PBXBuildFile; fileRef = BBAE40E225C93E9400A3E0E4 /* Main.storyboard */; };
		BBAE40E625C93E9700A3E0E4 /* Assets.xcassets in Resources */ = {isa = PBXBuildFile; fileRef = BBAE40E525C93E9700A3E0E4 /* Assets.xcassets */; };
		BBAE40E925C93E9700A3E0E4 /* LaunchScreen.storyboard in Resources */ = {isa = PBXBuildFile; fileRef = BBAE40E725C93E9700A3E0E4 /* LaunchScreen.storyboard */; };
/* End PBXBuildFile section */

/* Begin PBXFileReference section */
		BB07C27025C94731004497BA /* NetworkManager.swift */ = {isa = PBXFileReference; lastKnownFileType = sourcecode.swift; path = NetworkManager.swift; sourceTree = "<group>"; };
		BB07C27325C94768004497BA /* DataModel.swift */ = {isa = PBXFileReference; lastKnownFileType = sourcecode.swift; path = DataModel.swift; sourceTree = "<group>"; };
		BB5516D425C966BE004211E7 /* EventCell.swift */ = {isa = PBXFileReference; lastKnownFileType = sourcecode.swift; path = EventCell.swift; sourceTree = "<group>"; };
		BBAE40D925C93E9400A3E0E4 /* eventy.app */ = {isa = PBXFileReference; explicitFileType = wrapper.application; includeInIndex = 0; path = eventy.app; sourceTree = BUILT_PRODUCTS_DIR; };
		BBAE40DC25C93E9400A3E0E4 /* AppDelegate.swift */ = {isa = PBXFileReference; lastKnownFileType = sourcecode.swift; path = AppDelegate.swift; sourceTree = "<group>"; };
		BBAE40DE25C93E9400A3E0E4 /* SceneDelegate.swift */ = {isa = PBXFileReference; lastKnownFileType = sourcecode.swift; path = SceneDelegate.swift; sourceTree = "<group>"; };
		BBAE40E025C93E9400A3E0E4 /* EventListViewController.swift */ = {isa = PBXFileReference; lastKnownFileType = sourcecode.swift; path = EventListViewController.swift; sourceTree = "<group>"; };
		BBAE40E325C93E9400A3E0E4 /* Base */ = {isa = PBXFileReference; lastKnownFileType = file.storyboard; name = Base; path = Base.lproj/Main.storyboard; sourceTree = "<group>"; };
		BBAE40E525C93E9700A3E0E4 /* Assets.xcassets */ = {isa = PBXFileReference; lastKnownFileType = folder.assetcatalog; path = Assets.xcassets; sourceTree = "<group>"; };
		BBAE40E825C93E9700A3E0E4 /* Base */ = {isa = PBXFileReference; lastKnownFileType = file.storyboard; name = Base; path = Base.lproj/LaunchScreen.storyboard; sourceTree = "<group>"; };
		BBAE40EA25C93E9700A3E0E4 /* Info.plist */ = {isa = PBXFileReference; lastKnownFileType = text.plist.xml; path = Info.plist; sourceTree = "<group>"; };
/* End PBXFileReference section */

/* Begin PBXFrameworksBuildPhase section */
		BBAE40D625C93E9400A3E0E4 /* Frameworks */ = {
			isa = PBXFrameworksBuildPhase;
			buildActionMask = 2147483647;
			files = (
			);
			runOnlyForDeploymentPostprocessing = 0;
		};
/* End PBXFrameworksBuildPhase section */

/* Begin PBXGroup section */
		BB07C26E25C946D9004497BA /* Models */ = {
			isa = PBXGroup;
			children = (
				BB07C27025C94731004497BA /* NetworkManager.swift */,
				BB07C27325C94768004497BA /* DataModel.swift */,
			);
			path = Models;
			sourceTree = "<group>";
		};
		BB07C27625C9478D004497BA /* View */ = {
			isa = PBXGroup;
			children = (
				BBAE40E025C93E9400A3E0E4 /* EventListViewController.swift */,
				BB5516D425C966BE004211E7 /* EventCell.swift */,
			);
			path = View;
			sourceTree = "<group>";
		};
		BBAE40D025C93E9400A3E0E4 = {
			isa = PBXGroup;
			children = (
				BBAE40DB25C93E9400A3E0E4 /* eventy */,
				BBAE40DA25C93E9400A3E0E4 /* Products */,
			);
			sourceTree = "<group>";
		};
		BBAE40DA25C93E9400A3E0E4 /* Products */ = {
			isa = PBXGroup;
			children = (
				BBAE40D925C93E9400A3E0E4 /* eventy.app */,
			);
			name = Products;
			sourceTree = "<group>";
		};
		BBAE40DB25C93E9400A3E0E4 /* eventy */ = {
			isa = PBXGroup;
			children = (
				BB07C27625C9478D004497BA /* View */,
				BB07C26E25C946D9004497BA /* Models */,
				BBAE40DC25C93E9400A3E0E4 /* AppDelegate.swift */,
				BBAE40DE25C93E9400A3E0E4 /* SceneDelegate.swift */,
				BBAE40E225C93E9400A3E0E4 /* Main.storyboard */,
				BBAE40E525C93E9700A3E0E4 /* Assets.xcassets */,
				BBAE40E725C93E9700A3E0E4 /* LaunchScreen.storyboard */,
				BBAE40EA25C93E9700A3E0E4 /* Info.plist */,
			);
			path = eventy;
			sourceTree = "<group>";
		};
/* End PBXGroup section */

/* Begin PBXNativeTarget section */
		BBAE40D825C93E9400A3E0E4 /* eventy */ = {
			isa = PBXNativeTarget;
			buildConfigurationList = BBAE40ED25C93E9700A3E0E4 /* Build configuration list for PBXNativeTarget "eventy" */;
			buildPhases = (
				BBAE40D525C93E9400A3E0E4 /* Sources */,
				BBAE40D625C93E9400A3E0E4 /* Frameworks */,
				BBAE40D725C93E9400A3E0E4 /* Resources */,
			);
			buildRules = (
			);
			dependencies = (
			);
			name = eventy;
			productName = eventy;
			productReference = BBAE40D925C93E9400A3E0E4 /* eventy.app */;
			productType = "com.apple.product-type.application";
		};
/* End PBXNativeTarget section */

/* Begin PBXProject section */
		BBAE40D125C93E9400A3E0E4 /* Project object */ = {
			isa = PBXProject;
			attributes = {
				LastSwiftUpdateCheck = 1220;
				LastUpgradeCheck = 1220;
				TargetAttributes = {
					BBAE40D825C93E9400A3E0E4 = {
						CreatedOnToolsVersion = 12.2;
					};
				};
			};
			buildConfigurationList = BBAE40D425C93E9400A3E0E4 /* Build configuration list for PBXProject "eventy" */;
			compatibilityVersion = "Xcode 9.3";
			developmentRegion = en;
			hasScannedForEncodings = 0;
			knownRegions = (
				en,
				Base,
			);
			mainGroup = BBAE40D025C93E9400A3E0E4;
			productRefGroup = BBAE40DA25C93E9400A3E0E4 /* Products */;
			projectDirPath = "";
			projectRoot = "";
			targets = (
				BBAE40D825C93E9400A3E0E4 /* eventy */,
			);
		};
/* End PBXProject section */

/* Begin PBXResourcesBuildPhase section */
		BBAE40D725C93E9400A3E0E4 /* Resources */ = {
			isa = PBXResourcesBuildPhase;
			buildActionMask = 2147483647;
			files = (
				BBAE40E925C93E9700A3E0E4 /* LaunchScreen.storyboard in Resources */,
				BBAE40E625C93E9700A3E0E4 /* Assets.xcassets in Resources */,
				BBAE40E425C93E9400A3E0E4 /* Main.storyboard in Resources */,
			);
			runOnlyForDeploymentPostprocessing = 0;
		};
/* End PBXResourcesBuildPhase section */

/* Begin PBXSourcesBuildPhase section */
		BBAE40D525C93E9400A3E0E4 /* Sources */ = {
			isa = PBXSourcesBuildPhase;
			buildActionMask = 2147483647;
			files = (
				BB07C27425C94768004497BA /* DataModel.swift in Sources */,
				BB07C27125C94731004497BA /* NetworkManager.swift in Sources */,
				BBAE40E125C93E9400A3E0E4 /* EventListViewController.swift in Sources */,
				BB5516D525C966BE004211E7 /* EventCell.swift in Sources */,
				BBAE40DD25C93E9400A3E0E4 /* AppDelegate.swift in Sources */,
				BBAE40DF25C93E9400A3E0E4 /* SceneDelegate.swift in Sources */,
			);
			runOnlyForDeploymentPostprocessing = 0;
		};
/* End PBXSourcesBuildPhase section */

/* Begin PBXVariantGroup section */
		BBAE40E225C93E9400A3E0E4 /* Main.storyboard */ = {
			isa = PBXVariantGroup;
			children = (
				BBAE40E325C93E9400A3E0E4 /* Base */,
			);
			name = Main.storyboard;
			sourceTree = "<group>";
		};
		BBAE40E725C93E9700A3E0E4 /* LaunchScreen.storyboard */ = {
			isa = PBXVariantGroup;
			children = (
				BBAE40E825C93E9700A3E0E4 /* Base */,
			);
			name = LaunchScreen.storyboard;
			sourceTree = "<group>";
		};
/* End PBXVariantGroup section */

/* Begin XCBuildConfiguration section */
		BBAE40EB25C93E9700A3E0E4 /* Debug */ = {
			isa = XCBuildConfiguration;
			buildSettings = {
				ALWAYS_SEARCH_USER_PATHS = NO;
				CLANG_ANALYZER_NONNULL = YES;
				CLANG_ANALYZER_NUMBER_OBJECT_CONVERSION = YES_AGGRESSIVE;
				CLANG_CXX_LANGUAGE_STANDARD = "gnu++14";
				CLANG_CXX_LIBRARY = "libc++";
				CLANG_ENABLE_MODULES = YES;
				CLANG_ENABLE_OBJC_ARC = YES;
				CLANG_ENABLE_OBJC_WEAK = YES;
				CLANG_WARN_BLOCK_CAPTURE_AUTORELEASING = YES;
				CLANG_WARN_BOOL_CONVERSION = YES;
				CLANG_WARN_COMMA = YES;
				CLANG_WARN_CONSTANT_CONVERSION = YES;
				CLANG_WARN_DEPRECATED_OBJC_IMPLEMENTATIONS = YES;
				CLANG_WARN_DIRECT_OBJC_ISA_USAGE = YES_ERROR;
				CLANG_WARN_DOCUMENTATION_COMMENTS = YES;
				CLANG_WARN_EMPTY_BODY = YES;
				CLANG_WARN_ENUM_CONVERSION = YES;
				CLANG_WARN_INFINITE_RECURSION = YES;
				CLANG_WARN_INT_CONVERSION = YES;
				CLANG_WARN_NON_LITERAL_NULL_CONVERSION = YES;
				CLANG_WARN_OBJC_IMPLICIT_RETAIN_SELF = YES;
				CLANG_WARN_OBJC_LITERAL_CONVERSION = YES;
				CLANG_WARN_OBJC_ROOT_CLASS = YES_ERROR;
				CLANG_WARN_QUOTED_INCLUDE_IN_FRAMEWORK_HEADER = YES;
				CLANG_WARN_RANGE_LOOP_ANALYSIS = YES;
				CLANG_WARN_STRICT_PROTOTYPES = YES;
				CLANG_WARN_SUSPICIOUS_MOVE = YES;
				CLANG_WARN_UNGUARDED_AVAILABILITY = YES_AGGRESSIVE;
				CLANG_WARN_UNREACHABLE_CODE = YES;
				CLANG_WARN__DUPLICATE_METHOD_MATCH = YES;
				COPY_PHASE_STRIP = NO;
				DEBUG_INFORMATION_FORMAT = dwarf;
				ENABLE_STRICT_OBJC_MSGSEND = YES;
				ENABLE_TESTABILITY = YES;
				GCC_C_LANGUAGE_STANDARD = gnu11;
				GCC_DYNAMIC_NO_PIC = NO;
				GCC_NO_COMMON_BLOCKS = YES;
				GCC_OPTIMIZATION_LEVEL = 0;
				GCC_PREPROCESSOR_DEFINITIONS = (
					"DEBUG=1",
					"$(inherited)",
				);
				GCC_WARN_64_TO_32_BIT_CONVERSION = YES;
				GCC_WARN_ABOUT_RETURN_TYPE = YES_ERROR;
				GCC_WARN_UNDECLARED_SELECTOR = YES;
				GCC_WARN_UNINITIALIZED_AUTOS = YES_AGGRESSIVE;
				GCC_WARN_UNUSED_FUNCTION = YES;
				GCC_WARN_UNUSED_VARIABLE = YES;
				IPHONEOS_DEPLOYMENT_TARGET = 14.2;
				MTL_ENABLE_DEBUG_INFO = INCLUDE_SOURCE;
				MTL_FAST_MATH = YES;
				ONLY_ACTIVE_ARCH = YES;
				SDKROOT = iphoneos;
				SWIFT_ACTIVE_COMPILATION_CONDITIONS = DEBUG;
				SWIFT_OPTIMIZATION_LEVEL = "-Onone";
			};
			name = Debug;
		};
		BBAE40EC25C93E9700A3E0E4 /* Release */ = {
			isa = XCBuildConfiguration;
			buildSettings = {
				ALWAYS_SEARCH_USER_PATHS = NO;
				CLANG_ANALYZER_NONNULL = YES;
				CLANG_ANALYZER_NUMBER_OBJECT_CONVERSION = YES_AGGRESSIVE;
				CLANG_CXX_LANGUAGE_STANDARD = "gnu++14";
				CLANG_CXX_LIBRARY = "libc++";
				CLANG_ENABLE_MODULES = YES;
				CLANG_ENABLE_OBJC_ARC = YES;
				CLANG_ENABLE_OBJC_WEAK = YES;
				CLANG_WARN_BLOCK_CAPTURE_AUTORELEASING = YES;
				CLANG_WARN_BOOL_CONVERSION = YES;
				CLANG_WARN_COMMA = YES;
				CLANG_WARN_CONSTANT_CONVERSION = YES;
				CLANG_WARN_DEPRECATED_OBJC_IMPLEMENTATIONS = YES;
				CLANG_WARN_DIRECT_OBJC_ISA_USAGE = YES_ERROR;
				CLANG_WARN_DOCUMENTATION_COMMENTS = YES;
				CLANG_WARN_EMPTY_BODY = YES;
				CLANG_WARN_ENUM_CONVERSION = YES;
				CLANG_WARN_INFINITE_RECURSION = YES;
				CLANG_WARN_INT_CONVERSION = YES;
				CLANG_WARN_NON_LITERAL_NULL_CONVERSION = YES;
				CLANG_WARN_OBJC_IMPLICIT_RETAIN_SELF = YES;
				CLANG_WARN_OBJC_LITERAL_CONVERSION = YES;
				CLANG_WARN_OBJC_ROOT_CLASS = YES_ERROR;
				CLANG_WARN_QUOTED_INCLUDE_IN_FRAMEWORK_HEADER = YES;
				CLANG_WARN_RANGE_LOOP_ANALYSIS = YES;
				CLANG_WARN_STRICT_PROTOTYPES = YES;
				CLANG_WARN_SUSPICIOUS_MOVE = YES;
				CLANG_WARN_UNGUARDED_AVAILABILITY = YES_AGGRESSIVE;
				CLANG_WARN_UNREACHABLE_CODE = YES;
				CLANG_WARN__DUPLICATE_METHOD_MATCH = YES;
				COPY_PHASE_STRIP = NO;
				DEBUG_INFORMATION_FORMAT = "dwarf-with-dsym";
				ENABLE_NS_ASSERTIONS = NO;
				ENABLE_STRICT_OBJC_MSGSEND = YES;
				GCC_C_LANGUAGE_STANDARD = gnu11;
				GCC_NO_COMMON_BLOCKS = YES;
				GCC_WARN_64_TO_32_BIT_CONVERSION = YES;
				GCC_WARN_ABOUT_RETURN_TYPE = YES_ERROR;
				GCC_WARN_UNDECLARED_SELECTOR = YES;
				GCC_WARN_UNINITIALIZED_AUTOS = YES_AGGRESSIVE;
				GCC_WARN_UNUSED_FUNCTION = YES;
				GCC_WARN_UNUSED_VARIABLE = YES;
				IPHONEOS_DEPLOYMENT_TARGET = 14.2;
				MTL_ENABLE_DEBUG_INFO = NO;
				MTL_FAST_MATH = YES;
				SDKROOT = iphoneos;
				SWIFT_COMPILATION_MODE = wholemodule;
				SWIFT_OPTIMIZATION_LEVEL = "-O";
				VALIDATE_PRODUCT = YES;
			};
			name = Release;
		};
		BBAE40EE25C93E9700A3E0E4 /* Debug */ = {
			isa = XCBuildConfiguration;
			buildSettings = {
				ASSETCATALOG_COMPILER_APPICON_NAME = AppIcon;
				ASSETCATALOG_COMPILER_GLOBAL_ACCENT_COLOR_NAME = AccentColor;
				CODE_SIGN_STYLE = Automatic;
				DEVELOPMENT_TEAM = 94HWDJYDJ5;
				INFOPLIST_FILE = eventy/Info.plist;
				LD_RUNPATH_SEARCH_PATHS = (
					"$(inherited)",
					"@executable_path/Frameworks",
				);
				PRODUCT_BUNDLE_IDENTIFIER = com.zood.eventy.eventy;
				PRODUCT_NAME = "$(TARGET_NAME)";
				SWIFT_VERSION = 5.0;
				TARGETED_DEVICE_FAMILY = "1,2";
			};
			name = Debug;
		};
		BBAE40EF25C93E9700A3E0E4 /* Release */ = {
			isa = XCBuildConfiguration;
			buildSettings = {
				ASSETCATALOG_COMPILER_APPICON_NAME = AppIcon;
				ASSETCATALOG_COMPILER_GLOBAL_ACCENT_COLOR_NAME = AccentColor;
				CODE_SIGN_STYLE = Automatic;
				DEVELOPMENT_TEAM = 94HWDJYDJ5;
				INFOPLIST_FILE = eventy/Info.plist;
				LD_RUNPATH_SEARCH_PATHS = (
					"$(inherited)",
					"@executable_path/Frameworks",
				);
				PRODUCT_BUNDLE_IDENTIFIER = com.zood.eventy.eventy;
				PRODUCT_NAME = "$(TARGET_NAME)";
				SWIFT_VERSION = 5.0;
				TARGETED_DEVICE_FAMILY = "1,2";
			};
			name = Release;
		};
/* End XCBuildConfiguration section */

/* Begin XCConfigurationList section */
		BBAE40D425C93E9400A3E0E4 /* Build configuration list for PBXProject "eventy" */ = {
			isa = XCConfigurationList;
			buildConfigurations = (
				BBAE40EB25C93E9700A3E0E4 /* Debug */,
				BBAE40EC25C93E9700A3E0E4 /* Release */,
			);
			defaultConfigurationIsVisible = 0;
			defaultConfigurationName = Release;
		};
		BBAE40ED25C93E9700A3E0E4 /* Build configuration list for PBXNativeTarget "eventy" */ = {
			isa = XCConfigurationList;
			buildConfigurations = (
				BBAE40EE25C93E9700A3E0E4 /* Debug */,
				BBAE40EF25C93E9700A3E0E4 /* Release */,
			);
			defaultConfigurationIsVisible = 0;
			defaultConfigurationName = Release;
		};
/* End XCConfigurationList section */
	};
	rootObject = BBAE40D125C93E9400A3E0E4 /* Project object */;
}
